
Microsoft Visual Studio Solution File, Format Version 12.00
# Visual Studio Version 17
VisualStudioVersion = 17.4.33213.308
MinimumVisualStudioVersion = 10.0.40219.1
Project("{FAE04EC0-301F-11D3-BF4B-00C04F79EFBC}") = "DiplomCentralAPI", "DiplomCentralAPI\DiplomCentralAPI.csproj", "{9DFB9932-3D90-4AF1-B08D-F48377E8973A}"
EndProject
Global
	GlobalSection(SolutionConfigurationPlatforms) = preSolution
		Debug|Any CPU = Debug|Any CPU
		Release|Any CPU = Release|Any CPU
	EndGlobalSection
	GlobalSection(ProjectConfigurationPlatforms) = postSolution
		{9DFB9932-3D90-4AF1-B08D-F48377E8973A}.Debug|Any CPU.ActiveCfg = Debug|Any CPU
		{9DFB9932-3D90-4AF1-B08D-F48377E8973A}.Debug|Any CPU.Build.0 = Debug|Any CPU
		{9DFB9932-3D90-4AF1-B08D-F48377E8973A}.Release|Any CPU.ActiveCfg = Release|Any CPU
		{9DFB9932-3D90-4AF1-B08D-F48377E8973A}.Release|Any CPU.Build.0 = Release|Any CPU
	EndGlobalSection
	GlobalSection(SolutionProperties) = preSolution
		HideSolutionNode = FALSE
	EndGlobalSection
	GlobalSection(ExtensibilityGlobals) = postSolution
		SolutionGuid = {922C91AE-23F8-408F-B18D-9899BA674409}
	EndGlobalSection
EndGlobal
